// !$*UTF8*$!
{
	archiveVersion = 1;
	classes = {
	};
	objectVersion = 46;
	objects = {

/* Begin PBXBuildFile section */
		937662EB1F5F9F09008AEC50 /* main.m in Sources */ = {isa = PBXBuildFile; fileRef = 937662EA1F5F9F09008AEC50 /* main.m */; };
		937662EE1F5F9F09008AEC50 /* AppDelegate.m in Sources */ = {isa = PBXBuildFile; fileRef = 937662ED1F5F9F09008AEC50 /* AppDelegate.m */; };
		937662F11F5F9F09008AEC50 /* ViewController.m in Sources */ = {isa = PBXBuildFile; fileRef = 937662F01F5F9F09008AEC50 /* ViewController.m */; };
		937662F41F5F9F09008AEC50 /* Main.storyboard in Resources */ = {isa = PBXBuildFile; fileRef = 937662F21F5F9F09008AEC50 /* Main.storyboard */; };
		937662F61F5F9F09008AEC50 /* Assets.xcassets in Resources */ = {isa = PBXBuildFile; fileRef = 937662F51F5F9F09008AEC50 /* Assets.xcassets */; };
		937662F91F5F9F09008AEC50 /* LaunchScreen.storyboard in Resources */ = {isa = PBXBuildFile; fileRef = 937662F71F5F9F09008AEC50 /* LaunchScreen.storyboard */; };
		937663301F5FA3D1008AEC50 /* PA_Treding_Model.m in Sources */ = {isa = PBXBuildFile; fileRef = 9376632F1F5FA3D1008AEC50 /* PA_Treding_Model.m */; };
		9376638A1F60E893008AEC50 /* NVT_Nested_BaseCell.m in Sources */ = {isa = PBXBuildFile; fileRef = 9376636F1F60E893008AEC50 /* NVT_Nested_BaseCell.m */; };
		9376638B1F60E893008AEC50 /* NVT_Nested_CollectionCell.m in Sources */ = {isa = PBXBuildFile; fileRef = 937663711F60E893008AEC50 /* NVT_Nested_CollectionCell.m */; };
		9376638C1F60E893008AEC50 /* NVT_Nested_CollectionCell.xib in Resources */ = {isa = PBXBuildFile; fileRef = 937663721F60E893008AEC50 /* NVT_Nested_CollectionCell.xib */; };
		9376638D1F60E893008AEC50 /* NVT_Nested_TableCell.m in Sources */ = {isa = PBXBuildFile; fileRef = 937663741F60E893008AEC50 /* NVT_Nested_TableCell.m */; };
		9376638E1F60E893008AEC50 /* NVT_Nested_TableCell.xib in Resources */ = {isa = PBXBuildFile; fileRef = 937663751F60E893008AEC50 /* NVT_Nested_TableCell.xib */; };
		9376638F1F60E893008AEC50 /* NVT_Cell_CollectionView.m in Sources */ = {isa = PBXBuildFile; fileRef = 937663791F60E893008AEC50 /* NVT_Cell_CollectionView.m */; };
		937663901F60E893008AEC50 /* NVT_Cell_CollectionView.xib in Resources */ = {isa = PBXBuildFile; fileRef = 9376637A1F60E893008AEC50 /* NVT_Cell_CollectionView.xib */; };
		937663911F60E893008AEC50 /* NVT_Cell_TableView.m in Sources */ = {isa = PBXBuildFile; fileRef = 9376637C1F60E893008AEC50 /* NVT_Cell_TableView.m */; };
		937663921F60E893008AEC50 /* NVT_Cell_TableView.xib in Resources */ = {isa = PBXBuildFile; fileRef = 9376637D1F60E893008AEC50 /* NVT_Cell_TableView.xib */; };
		937663931F60E893008AEC50 /* NVT_CellBase.m in Sources */ = {isa = PBXBuildFile; fileRef = 9376637F1F60E893008AEC50 /* NVT_CellBase.m */; };
		937663941F60E893008AEC50 /* NVT_SubCell_CollectionViewCell.m in Sources */ = {isa = PBXBuildFile; fileRef = 937663811F60E893008AEC50 /* NVT_SubCell_CollectionViewCell.m */; };
		937663951F60E893008AEC50 /* NVT_SubCell_CollectionViewCell.xib in Resources */ = {isa = PBXBuildFile; fileRef = 937663821F60E893008AEC50 /* NVT_SubCell_CollectionViewCell.xib */; };
		937663961F60E893008AEC50 /* NVT_SubCell_TableViewCell.m in Sources */ = {isa = PBXBuildFile; fileRef = 937663841F60E893008AEC50 /* NVT_SubCell_TableViewCell.m */; };
		937663971F60E893008AEC50 /* NVT_SubCell_TableViewCell.xib in Resources */ = {isa = PBXBuildFile; fileRef = 937663851F60E893008AEC50 /* NVT_SubCell_TableViewCell.xib */; };
		937663981F60E893008AEC50 /* NVT_SubCell_Trending.m in Sources */ = {isa = PBXBuildFile; fileRef = 937663881F60E893008AEC50 /* NVT_SubCell_Trending.m */; };
		937663991F60E893008AEC50 /* NVT_SubCell_Trending.xib in Resources */ = {isa = PBXBuildFile; fileRef = 937663891F60E893008AEC50 /* NVT_SubCell_Trending.xib */; };
		9376639F1F60E8C1008AEC50 /* NVT_NestedCollectionMainView.m in Sources */ = {isa = PBXBuildFile; fileRef = 9376639D1F60E8C1008AEC50 /* NVT_NestedCollectionMainView.m */; };
		937663A01F60E8C1008AEC50 /* NVT_NestedCollectionMainView.xib in Resources */ = {isa = PBXBuildFile; fileRef = 9376639E1F60E8C1008AEC50 /* NVT_NestedCollectionMainView.xib */; };
		937663A31F60E8DF008AEC50 /* NVT_SubCell_Discovery.m in Sources */ = {isa = PBXBuildFile; fileRef = 937663A21F60E8DF008AEC50 /* NVT_SubCell_Discovery.m */; };
		937663A51F60E8E7008AEC50 /* NVT_SubCell_Discovery.xib in Resources */ = {isa = PBXBuildFile; fileRef = 937663A41F60E8E7008AEC50 /* NVT_SubCell_Discovery.xib */; };
		937663A81F60E92E008AEC50 /* NVT_BaseSubView.m in Sources */ = {isa = PBXBuildFile; fileRef = 937663A71F60E92E008AEC50 /* NVT_BaseSubView.m */; };
		937663AB1F60FD8C008AEC50 /* NVT_SubView_StartTrend.m in Sources */ = {isa = PBXBuildFile; fileRef = 937663AA1F60FD8C008AEC50 /* NVT_SubView_StartTrend.m */; };
		937663AD1F60FD96008AEC50 /* NVT_SubView_StartTrend.xib in Resources */ = {isa = PBXBuildFile; fileRef = 937663AC1F60FD96008AEC50 /* NVT_SubView_StartTrend.xib */; };
/* End PBXBuildFile section */

/* Begin PBXFileReference section */
		937662E61F5F9F09008AEC50 /* NVT_NestedCollectionView.app */ = {isa = PBXFileReference; explicitFileType = wrapper.application; includeInIndex = 0; path = NVT_NestedCollectionView.app; sourceTree = BUILT_PRODUCTS_DIR; };
		937662EA1F5F9F09008AEC50 /* main.m */ = {isa = PBXFileReference; lastKnownFileType = sourcecode.c.objc; path = main.m; sourceTree = "<group>"; };
		937662EC1F5F9F09008AEC50 /* AppDelegate.h */ = {isa = PBXFileReference; lastKnownFileType = sourcecode.c.h; path = AppDelegate.h; sourceTree = "<group>"; };
		937662ED1F5F9F09008AEC50 /* AppDelegate.m */ = {isa = PBXFileReference; lastKnownFileType = sourcecode.c.objc; path = AppDelegate.m; sourceTree = "<group>"; };
		937662EF1F5F9F09008AEC50 /* ViewController.h */ = {isa = PBXFileReference; lastKnownFileType = sourcecode.c.h; path = ViewController.h; sourceTree = "<group>"; };
		937662F01F5F9F09008AEC50 /* ViewController.m */ = {isa = PBXFileReference; lastKnownFileType = sourcecode.c.objc; path = ViewController.m; sourceTree = "<group>"; };
		937662F31F5F9F09008AEC50 /* Base */ = {isa = PBXFileReference; lastKnownFileType = file.storyboard; name = Base; path = Base.lproj/Main.storyboard; sourceTree = "<group>"; };
		937662F51F5F9F09008AEC50 /* Assets.xcassets */ = {isa = PBXFileReference; lastKnownFileType = folder.assetcatalog; path = Assets.xcassets; sourceTree = "<group>"; };
		937662F81F5F9F09008AEC50 /* Base */ = {isa = PBXFileReference; lastKnownFileType = file.storyboard; name = Base; path = Base.lproj/LaunchScreen.storyboard; sourceTree = "<group>"; };
		937662FA1F5F9F09008AEC50 /* Info.plist */ = {isa = PBXFileReference; lastKnownFileType = text.plist.xml; path = Info.plist; sourceTree = "<group>"; };
		9376632E1F5FA3D1008AEC50 /* PA_Treding_Model.h */ = {isa = PBXFileReference; fileEncoding = 4; lastKnownFileType = sourcecode.c.h; path = PA_Treding_Model.h; sourceTree = "<group>"; };
		9376632F1F5FA3D1008AEC50 /* PA_Treding_Model.m */ = {isa = PBXFileReference; fileEncoding = 4; lastKnownFileType = sourcecode.c.objc; path = PA_Treding_Model.m; sourceTree = "<group>"; };
		9376636E1F60E893008AEC50 /* NVT_Nested_BaseCell.h */ = {isa = PBXFileReference; fileEncoding = 4; lastKnownFileType = sourcecode.c.h; path = NVT_Nested_BaseCell.h; sourceTree = "<group>"; };
		9376636F1F60E893008AEC50 /* NVT_Nested_BaseCell.m */ = {isa = PBXFileReference; fileEncoding = 4; lastKnownFileType = sourcecode.c.objc; path = NVT_Nested_BaseCell.m; sourceTree = "<group>"; };
		937663701F60E893008AEC50 /* NVT_Nested_CollectionCell.h */ = {isa = PBXFileReference; fileEncoding = 4; lastKnownFileType = sourcecode.c.h; path = NVT_Nested_CollectionCell.h; sourceTree = "<group>"; };
		937663711F60E893008AEC50 /* NVT_Nested_CollectionCell.m */ = {isa = PBXFileReference; fileEncoding = 4; lastKnownFileType = sourcecode.c.objc; path = NVT_Nested_CollectionCell.m; sourceTree = "<group>"; };
		937663721F60E893008AEC50 /* NVT_Nested_CollectionCell.xib */ = {isa = PBXFileReference; fileEncoding = 4; lastKnownFileType = file.xib; path = NVT_Nested_CollectionCell.xib; sourceTree = "<group>"; };
		937663731F60E893008AEC50 /* NVT_Nested_TableCell.h */ = {isa = PBXFileReference; fileEncoding = 4; lastKnownFileType = sourcecode.c.h; path = NVT_Nested_TableCell.h; sourceTree = "<group>"; };
		937663741F60E893008AEC50 /* NVT_Nested_TableCell.m */ = {isa = PBXFileReference; fileEncoding = 4; lastKnownFileType = sourcecode.c.objc; path = NVT_Nested_TableCell.m; sourceTree = "<group>"; };
		937663751F60E893008AEC50 /* NVT_Nested_TableCell.xib */ = {isa = PBXFileReference; fileEncoding = 4; lastKnownFileType = file.xib; path = NVT_Nested_TableCell.xib; sourceTree = "<group>"; };
		937663761F60E893008AEC50 /* NVT_NestedProtocol.h */ = {isa = PBXFileReference; fileEncoding = 4; lastKnownFileType = sourcecode.c.h; path = NVT_NestedProtocol.h; sourceTree = "<group>"; };
		937663781F60E893008AEC50 /* NVT_Cell_CollectionView.h */ = {isa = PBXFileReference; fileEncoding = 4; lastKnownFileType = sourcecode.c.h; path = NVT_Cell_CollectionView.h; sourceTree = "<group>"; };
		937663791F60E893008AEC50 /* NVT_Cell_CollectionView.m */ = {isa = PBXFileReference; fileEncoding = 4; lastKnownFileType = sourcecode.c.objc; path = NVT_Cell_CollectionView.m; sourceTree = "<group>"; };
		9376637A1F60E893008AEC50 /* NVT_Cell_CollectionView.xib */ = {isa = PBXFileReference; fileEncoding = 4; lastKnownFileType = file.xib; path = NVT_Cell_CollectionView.xib; sourceTree = "<group>"; };
		9376637B1F60E893008AEC50 /* NVT_Cell_TableView.h */ = {isa = PBXFileReference; fileEncoding = 4; lastKnownFileType = sourcecode.c.h; path = NVT_Cell_TableView.h; sourceTree = "<group>"; };
		9376637C1F60E893008AEC50 /* NVT_Cell_TableView.m */ = {isa = PBXFileReference; fileEncoding = 4; lastKnownFileType = sourcecode.c.objc; path = NVT_Cell_TableView.m; sourceTree = "<group>"; };
		9376637D1F60E893008AEC50 /* NVT_Cell_TableView.xib */ = {isa = PBXFileReference; fileEncoding = 4; lastKnownFileType = file.xib; path = NVT_Cell_TableView.xib; sourceTree = "<group>"; };
		9376637E1F60E893008AEC50 /* NVT_CellBase.h */ = {isa = PBXFileReference; fileEncoding = 4; lastKnownFileType = sourcecode.c.h; path = NVT_CellBase.h; sourceTree = "<group>"; };
		9376637F1F60E893008AEC50 /* NVT_CellBase.m */ = {isa = PBXFileReference; fileEncoding = 4; lastKnownFileType = sourcecode.c.objc; path = NVT_CellBase.m; sourceTree = "<group>"; };
		937663801F60E893008AEC50 /* NVT_SubCell_CollectionViewCell.h */ = {isa = PBXFileReference; fileEncoding = 4; lastKnownFileType = sourcecode.c.h; path = NVT_SubCell_CollectionViewCell.h; sourceTree = "<group>"; };
		937663811F60E893008AEC50 /* NVT_SubCell_CollectionViewCell.m */ = {isa = PBXFileReference; fileEncoding = 4; lastKnownFileType = sourcecode.c.objc; path = NVT_SubCell_CollectionViewCell.m; sourceTree = "<group>"; };
		937663821F60E893008AEC50 /* NVT_SubCell_CollectionViewCell.xib */ = {isa = PBXFileReference; fileEncoding = 4; lastKnownFileType = file.xib; path = NVT_SubCell_CollectionViewCell.xib; sourceTree = "<group>"; };
		937663831F60E893008AEC50 /* NVT_SubCell_TableViewCell.h */ = {isa = PBXFileReference; fileEncoding = 4; lastKnownFileType = sourcecode.c.h; path = NVT_SubCell_TableViewCell.h; sourceTree = "<group>"; };
		937663841F60E893008AEC50 /* NVT_SubCell_TableViewCell.m */ = {isa = PBXFileReference; fileEncoding = 4; lastKnownFileType = sourcecode.c.objc; path = NVT_SubCell_TableViewCell.m; sourceTree = "<group>"; };
		937663851F60E893008AEC50 /* NVT_SubCell_TableViewCell.xib */ = {isa = PBXFileReference; fileEncoding = 4; lastKnownFileType = file.xib; path = NVT_SubCell_TableViewCell.xib; sourceTree = "<group>"; };
		937663871F60E893008AEC50 /* NVT_SubCell_Trending.h */ = {isa = PBXFileReference; fileEncoding = 4; lastKnownFileType = sourcecode.c.h; path = NVT_SubCell_Trending.h; sourceTree = "<group>"; };
		937663881F60E893008AEC50 /* NVT_SubCell_Trending.m */ = {isa = PBXFileReference; fileEncoding = 4; lastKnownFileType = sourcecode.c.objc; path = NVT_SubCell_Trending.m; sourceTree = "<group>"; };
		937663891F60E893008AEC50 /* NVT_SubCell_Trending.xib */ = {isa = PBXFileReference; fileEncoding = 4; lastKnownFileType = file.xib; path = NVT_SubCell_Trending.xib; sourceTree = "<group>"; };
		9376639C1F60E8C1008AEC50 /* NVT_NestedCollectionMainView.h */ = {isa = PBXFileReference; fileEncoding = 4; lastKnownFileType = sourcecode.c.h; path = NVT_NestedCollectionMainView.h; sourceTree = "<group>"; };
		9376639D1F60E8C1008AEC50 /* NVT_NestedCollectionMainView.m */ = {isa = PBXFileReference; fileEncoding = 4; lastKnownFileType = sourcecode.c.objc; path = NVT_NestedCollectionMainView.m; sourceTree = "<group>"; };
		9376639E1F60E8C1008AEC50 /* NVT_NestedCollectionMainView.xib */ = {isa = PBXFileReference; fileEncoding = 4; lastKnownFileType = file.xib; path = NVT_NestedCollectionMainView.xib; sourceTree = "<group>"; };
		937663A11F60E8DF008AEC50 /* NVT_SubCell_Discovery.h */ = {isa = PBXFileReference; fileEncoding = 4; lastKnownFileType = sourcecode.c.h; path = NVT_SubCell_Discovery.h; sourceTree = "<group>"; };
		937663A21F60E8DF008AEC50 /* NVT_SubCell_Discovery.m */ = {isa = PBXFileReference; fileEncoding = 4; lastKnownFileType = sourcecode.c.objc; path = NVT_SubCell_Discovery.m; sourceTree = "<group>"; };
		937663A41F60E8E7008AEC50 /* NVT_SubCell_Discovery.xib */ = {isa = PBXFileReference; fileEncoding = 4; lastKnownFileType = file.xib; path = NVT_SubCell_Discovery.xib; sourceTree = "<group>"; };
		937663A61F60E92E008AEC50 /* NVT_BaseSubView.h */ = {isa = PBXFileReference; fileEncoding = 4; lastKnownFileType = sourcecode.c.h; path = NVT_BaseSubView.h; sourceTree = "<group>"; };
		937663A71F60E92E008AEC50 /* NVT_BaseSubView.m */ = {isa = PBXFileReference; fileEncoding = 4; lastKnownFileType = sourcecode.c.objc; path = NVT_BaseSubView.m; sourceTree = "<group>"; };
		937663A91F60FD8C008AEC50 /* NVT_SubView_StartTrend.h */ = {isa = PBXFileReference; fileEncoding = 4; lastKnownFileType = sourcecode.c.h; path = NVT_SubView_StartTrend.h; sourceTree = "<group>"; };
		937663AA1F60FD8C008AEC50 /* NVT_SubView_StartTrend.m */ = {isa = PBXFileReference; fileEncoding = 4; lastKnownFileType = sourcecode.c.objc; path = NVT_SubView_StartTrend.m; sourceTree = "<group>"; };
		937663AC1F60FD96008AEC50 /* NVT_SubView_StartTrend.xib */ = {isa = PBXFileReference; fileEncoding = 4; lastKnownFileType = file.xib; path = NVT_SubView_StartTrend.xib; sourceTree = "<group>"; };
/* End PBXFileReference section */

/* Begin PBXFrameworksBuildPhase section */
		937662E31F5F9F09008AEC50 /* Frameworks */ = {
			isa = PBXFrameworksBuildPhase;
			buildActionMask = 2147483647;
			files = (
			);
			runOnlyForDeploymentPostprocessing = 0;
		};
/* End PBXFrameworksBuildPhase section */

/* Begin PBXGroup section */
		937662DD1F5F9F09008AEC50 = {
			isa = PBXGroup;
			children = (
				937662E81F5F9F09008AEC50 /* NVT_NestedCollectionView */,
				937662E71F5F9F09008AEC50 /* Products */,
			);
			sourceTree = "<group>";
		};
		937662E71F5F9F09008AEC50 /* Products */ = {
			isa = PBXGroup;
			children = (
				937662E61F5F9F09008AEC50 /* NVT_NestedCollectionView.app */,
			);
			name = Products;
			sourceTree = "<group>";
		};
		937662E81F5F9F09008AEC50 /* NVT_NestedCollectionView */ = {
			isa = PBXGroup;
			children = (
				9376639B1F60E8C1008AEC50 /* Main */,
				9376632D1F5FA3BC008AEC50 /* Model */,
				937663091F5FA0C6008AEC50 /* Cells */,
				937662EC1F5F9F09008AEC50 /* AppDelegate.h */,
				937662ED1F5F9F09008AEC50 /* AppDelegate.m */,
				937662EF1F5F9F09008AEC50 /* ViewController.h */,
				937662F01F5F9F09008AEC50 /* ViewController.m */,
				937662F21F5F9F09008AEC50 /* Main.storyboard */,
				937662F51F5F9F09008AEC50 /* Assets.xcassets */,
				937662F71F5F9F09008AEC50 /* LaunchScreen.storyboard */,
				937662FA1F5F9F09008AEC50 /* Info.plist */,
				937662E91F5F9F09008AEC50 /* Supporting Files */,
			);
			path = NVT_NestedCollectionView;
			sourceTree = "<group>";
		};
		937662E91F5F9F09008AEC50 /* Supporting Files */ = {
			isa = PBXGroup;
			children = (
				937662EA1F5F9F09008AEC50 /* main.m */,
			);
			name = "Supporting Files";
			sourceTree = "<group>";
		};
		937663091F5FA0C6008AEC50 /* Cells */ = {
			isa = PBXGroup;
			children = (
				937663A61F60E92E008AEC50 /* NVT_BaseSubView.h */,
				937663A71F60E92E008AEC50 /* NVT_BaseSubView.m */,
				9376636D1F60E893008AEC50 /* NestedCell */,
				937663771F60E893008AEC50 /* SubCell */,
			);
			path = Cells;
			sourceTree = "<group>";
		};
		9376632D1F5FA3BC008AEC50 /* Model */ = {
			isa = PBXGroup;
			children = (
				9376632E1F5FA3D1008AEC50 /* PA_Treding_Model.h */,
				9376632F1F5FA3D1008AEC50 /* PA_Treding_Model.m */,
			);
			path = Model;
			sourceTree = "<group>";
		};
		9376636D1F60E893008AEC50 /* NestedCell */ = {
			isa = PBXGroup;
			children = (
				9376636E1F60E893008AEC50 /* NVT_Nested_BaseCell.h */,
				9376636F1F60E893008AEC50 /* NVT_Nested_BaseCell.m */,
				937663701F60E893008AEC50 /* NVT_Nested_CollectionCell.h */,
				937663711F60E893008AEC50 /* NVT_Nested_CollectionCell.m */,
				937663721F60E893008AEC50 /* NVT_Nested_CollectionCell.xib */,
				937663731F60E893008AEC50 /* NVT_Nested_TableCell.h */,
				937663741F60E893008AEC50 /* NVT_Nested_TableCell.m */,
				937663751F60E893008AEC50 /* NVT_Nested_TableCell.xib */,
				937663761F60E893008AEC50 /* NVT_NestedProtocol.h */,
			);
			path = NestedCell;
			sourceTree = "<group>";
		};
		937663771F60E893008AEC50 /* SubCell */ = {
			isa = PBXGroup;
			children = (
				937663781F60E893008AEC50 /* NVT_Cell_CollectionView.h */,
				937663791F60E893008AEC50 /* NVT_Cell_CollectionView.m */,
				9376637A1F60E893008AEC50 /* NVT_Cell_CollectionView.xib */,
				9376637B1F60E893008AEC50 /* NVT_Cell_TableView.h */,
				9376637C1F60E893008AEC50 /* NVT_Cell_TableView.m */,
				9376637D1F60E893008AEC50 /* NVT_Cell_TableView.xib */,
				9376637E1F60E893008AEC50 /* NVT_CellBase.h */,
				9376637F1F60E893008AEC50 /* NVT_CellBase.m */,
				937663801F60E893008AEC50 /* NVT_SubCell_CollectionViewCell.h */,
				937663811F60E893008AEC50 /* NVT_SubCell_CollectionViewCell.m */,
				937663821F60E893008AEC50 /* NVT_SubCell_CollectionViewCell.xib */,
				937663831F60E893008AEC50 /* NVT_SubCell_TableViewCell.h */,
				937663841F60E893008AEC50 /* NVT_SubCell_TableViewCell.m */,
				937663851F60E893008AEC50 /* NVT_SubCell_TableViewCell.xib */,
				937663861F60E893008AEC50 /* SubCell_View */,
			);
			path = SubCell;
			sourceTree = "<group>";
		};
		937663861F60E893008AEC50 /* SubCell_View */ = {
			isa = PBXGroup;
			children = (
				937663871F60E893008AEC50 /* NVT_SubCell_Trending.h */,
				937663881F60E893008AEC50 /* NVT_SubCell_Trending.m */,
				937663891F60E893008AEC50 /* NVT_SubCell_Trending.xib */,
				937663A11F60E8DF008AEC50 /* NVT_SubCell_Discovery.h */,
				937663A21F60E8DF008AEC50 /* NVT_SubCell_Discovery.m */,
				937663A41F60E8E7008AEC50 /* NVT_SubCell_Discovery.xib */,
				937663A91F60FD8C008AEC50 /* NVT_SubView_StartTrend.h */,
				937663AA1F60FD8C008AEC50 /* NVT_SubView_StartTrend.m */,
				937663AC1F60FD96008AEC50 /* NVT_SubView_StartTrend.xib */,
			);
			path = SubCell_View;
			sourceTree = "<group>";
		};
		9376639B1F60E8C1008AEC50 /* Main */ = {
			isa = PBXGroup;
			children = (
				9376639C1F60E8C1008AEC50 /* NVT_NestedCollectionMainView.h */,
				9376639D1F60E8C1008AEC50 /* NVT_NestedCollectionMainView.m */,
				9376639E1F60E8C1008AEC50 /* NVT_NestedCollectionMainView.xib */,
			);
			path = Main;
			sourceTree = "<group>";
		};
/* End PBXGroup section */

/* Begin PBXNativeTarget section */
		937662E51F5F9F09008AEC50 /* NVT_NestedCollectionView */ = {
			isa = PBXNativeTarget;
			buildConfigurationList = 937662FD1F5F9F09008AEC50 /* Build configuration list for PBXNativeTarget "NVT_NestedCollectionView" */;
			buildPhases = (
				937662E21F5F9F09008AEC50 /* Sources */,
				937662E31F5F9F09008AEC50 /* Frameworks */,
				937662E41F5F9F09008AEC50 /* Resources */,
			);
			buildRules = (
			);
			dependencies = (
			);
			name = NVT_NestedCollectionView;
			productName = NVT_NestedCollectionView;
			productReference = 937662E61F5F9F09008AEC50 /* NVT_NestedCollectionView.app */;
			productType = "com.apple.product-type.application";
		};
/* End PBXNativeTarget section */

/* Begin PBXProject section */
		937662DE1F5F9F09008AEC50 /* Project object */ = {
			isa = PBXProject;
			attributes = {
				LastUpgradeCheck = 0830;
				ORGANIZATIONNAME = "Nguyen Van Tu";
				TargetAttributes = {
					937662E51F5F9F09008AEC50 = {
						CreatedOnToolsVersion = 8.3.3;
						ProvisioningStyle = Automatic;
					};
				};
			};
			buildConfigurationList = 937662E11F5F9F09008AEC50 /* Build configuration list for PBXProject "NVT_NestedCollectionView" */;
			compatibilityVersion = "Xcode 3.2";
			developmentRegion = English;
			hasScannedForEncodings = 0;
			knownRegions = (
				en,
				Base,
			);
			mainGroup = 937662DD1F5F9F09008AEC50;
			productRefGroup = 937662E71F5F9F09008AEC50 /* Products */;
			projectDirPath = "";
			projectRoot = "";
			targets = (
				937662E51F5F9F09008AEC50 /* NVT_NestedCollectionView */,
			);
		};
/* End PBXProject section */

/* Begin PBXResourcesBuildPhase section */
		937662E41F5F9F09008AEC50 /* Resources */ = {
			isa = PBXResourcesBuildPhase;
			buildActionMask = 2147483647;
			files = (
				937663921F60E893008AEC50 /* NVT_Cell_TableView.xib in Resources */,
				937663A01F60E8C1008AEC50 /* NVT_NestedCollectionMainView.xib in Resources */,
				937662F91F5F9F09008AEC50 /* LaunchScreen.storyboard in Resources */,
				937662F61F5F9F09008AEC50 /* Assets.xcassets in Resources */,
				937663901F60E893008AEC50 /* NVT_Cell_CollectionView.xib in Resources */,
				937663951F60E893008AEC50 /* NVT_SubCell_CollectionViewCell.xib in Resources */,
				937663971F60E893008AEC50 /* NVT_SubCell_TableViewCell.xib in Resources */,
				937663991F60E893008AEC50 /* NVT_SubCell_Trending.xib in Resources */,
				9376638E1F60E893008AEC50 /* NVT_Nested_TableCell.xib in Resources */,
				9376638C1F60E893008AEC50 /* NVT_Nested_CollectionCell.xib in Resources */,
				937663A51F60E8E7008AEC50 /* NVT_SubCell_Discovery.xib in Resources */,
				937663AD1F60FD96008AEC50 /* NVT_SubView_StartTrend.xib in Resources */,
				937662F41F5F9F09008AEC50 /* Main.storyboard in Resources */,
			);
			runOnlyForDeploymentPostprocessing = 0;
		};
/* End PBXResourcesBuildPhase section */

/* Begin PBXSourcesBuildPhase section */
		937662E21F5F9F09008AEC50 /* Sources */ = {
			isa = PBXSourcesBuildPhase;
			buildActionMask = 2147483647;
			files = (
				9376638A1F60E893008AEC50 /* NVT_Nested_BaseCell.m in Sources */,
				9376638F1F60E893008AEC50 /* NVT_Cell_CollectionView.m in Sources */,
				937663911F60E893008AEC50 /* NVT_Cell_TableView.m in Sources */,
				937663A81F60E92E008AEC50 /* NVT_BaseSubView.m in Sources */,
				937663961F60E893008AEC50 /* NVT_SubCell_TableViewCell.m in Sources */,
				937663981F60E893008AEC50 /* NVT_SubCell_Trending.m in Sources */,
				9376639F1F60E8C1008AEC50 /* NVT_NestedCollectionMainView.m in Sources */,
				9376638D1F60E893008AEC50 /* NVT_Nested_TableCell.m in Sources */,
				937663301F5FA3D1008AEC50 /* PA_Treding_Model.m in Sources */,
				937663941F60E893008AEC50 /* NVT_SubCell_CollectionViewCell.m in Sources */,
				9376638B1F60E893008AEC50 /* NVT_Nested_CollectionCell.m in Sources */,
				937663A31F60E8DF008AEC50 /* NVT_SubCell_Discovery.m in Sources */,
				937662F11F5F9F09008AEC50 /* ViewController.m in Sources */,
				937662EE1F5F9F09008AEC50 /* AppDelegate.m in Sources */,
				937663AB1F60FD8C008AEC50 /* NVT_SubView_StartTrend.m in Sources */,
				937662EB1F5F9F09008AEC50 /* main.m in Sources */,
				937663931F60E893008AEC50 /* NVT_CellBase.m in Sources */,
			);
			runOnlyForDeploymentPostprocessing = 0;
		};
/* End PBXSourcesBuildPhase section */

/* Begin PBXVariantGroup section */
		937662F21F5F9F09008AEC50 /* Main.storyboard */ = {
			isa = PBXVariantGroup;
			children = (
				937662F31F5F9F09008AEC50 /* Base */,
			);
			name = Main.storyboard;
			sourceTree = "<group>";
		};
		937662F71F5F9F09008AEC50 /* LaunchScreen.storyboard */ = {
			isa = PBXVariantGroup;
			children = (
				937662F81F5F9F09008AEC50 /* Base */,
			);
			name = LaunchScreen.storyboard;
			sourceTree = "<group>";
		};
/* End PBXVariantGroup section */

/* Begin XCBuildConfiguration section */
		937662FB1F5F9F09008AEC50 /* Debug */ = {
			isa = XCBuildConfiguration;
			buildSettings = {
				ALWAYS_SEARCH_USER_PATHS = NO;
				CLANG_ANALYZER_NONNULL = YES;
				CLANG_ANALYZER_NUMBER_OBJECT_CONVERSION = YES_AGGRESSIVE;
				CLANG_CXX_LANGUAGE_STANDARD = "gnu++0x";
				CLANG_CXX_LIBRARY = "libc++";
				CLANG_ENABLE_MODULES = YES;
				CLANG_ENABLE_OBJC_ARC = YES;
				CLANG_WARN_BOOL_CONVERSION = YES;
				CLANG_WARN_CONSTANT_CONVERSION = YES;
				CLANG_WARN_DIRECT_OBJC_ISA_USAGE = YES_ERROR;
				CLANG_WARN_DOCUMENTATION_COMMENTS = YES;
				CLANG_WARN_EMPTY_BODY = YES;
				CLANG_WARN_ENUM_CONVERSION = YES;
				CLANG_WARN_INFINITE_RECURSION = YES;
				CLANG_WARN_INT_CONVERSION = YES;
				CLANG_WARN_OBJC_ROOT_CLASS = YES_ERROR;
				CLANG_WARN_SUSPICIOUS_MOVE = YES;
				CLANG_WARN_UNREACHABLE_CODE = YES;
				CLANG_WARN__DUPLICATE_METHOD_MATCH = YES;
				"CODE_SIGN_IDENTITY[sdk=iphoneos*]" = "iPhone Developer";
				COPY_PHASE_STRIP = NO;
				DEBUG_INFORMATION_FORMAT = dwarf;
				ENABLE_STRICT_OBJC_MSGSEND = YES;
				ENABLE_TESTABILITY = YES;
				GCC_C_LANGUAGE_STANDARD = gnu99;
				GCC_DYNAMIC_NO_PIC = NO;
				GCC_NO_COMMON_BLOCKS = YES;
				GCC_OPTIMIZATION_LEVEL = 0;
				GCC_PREPROCESSOR_DEFINITIONS = (
					"DEBUG=1",
					"$(inherited)",
				);
				GCC_WARN_64_TO_32_BIT_CONVERSION = YES;
				GCC_WARN_ABOUT_RETURN_TYPE = YES_ERROR;
				GCC_WARN_UNDECLARED_SELECTOR = YES;
				GCC_WARN_UNINITIALIZED_AUTOS = YES_AGGRESSIVE;
				GCC_WARN_UNUSED_FUNCTION = YES;
				GCC_WARN_UNUSED_VARIABLE = YES;
				IPHONEOS_DEPLOYMENT_TARGET = 10.3;
				MTL_ENABLE_DEBUG_INFO = YES;
				ONLY_ACTIVE_ARCH = YES;
				SDKROOT = iphoneos;
				TARGETED_DEVICE_FAMILY = "1,2";
			};
			name = Debug;
		};
		937662FC1F5F9F09008AEC50 /* Release */ = {
			isa = XCBuildConfiguration;
			buildSettings = {
				ALWAYS_SEARCH_USER_PATHS = NO;
				CLANG_ANALYZER_NONNULL = YES;
				CLANG_ANALYZER_NUMBER_OBJECT_CONVERSION = YES_AGGRESSIVE;
				CLANG_CXX_LANGUAGE_STANDARD = "gnu++0x";
				CLANG_CXX_LIBRARY = "libc++";
				CLANG_ENABLE_MODULES = YES;
				CLANG_ENABLE_OBJC_ARC = YES;
				CLANG_WARN_BOOL_CONVERSION = YES;
				CLANG_WARN_CONSTANT_CONVERSION = YES;
				CLANG_WARN_DIRECT_OBJC_ISA_USAGE = YES_ERROR;
				CLANG_WARN_DOCUMENTATION_COMMENTS = YES;
				CLANG_WARN_EMPTY_BODY = YES;
				CLANG_WARN_ENUM_CONVERSION = YES;
				CLANG_WARN_INFINITE_RECURSION = YES;
				CLANG_WARN_INT_CONVERSION = YES;
				CLANG_WARN_OBJC_ROOT_CLASS = YES_ERROR;
				CLANG_WARN_SUSPICIOUS_MOVE = YES;
				CLANG_WARN_UNREACHABLE_CODE = YES;
				CLANG_WARN__DUPLICATE_METHOD_MATCH = YES;
				"CODE_SIGN_IDENTITY[sdk=iphoneos*]" = "iPhone Developer";
				COPY_PHASE_STRIP = NO;
				DEBUG_INFORMATION_FORMAT = "dwarf-with-dsym";
				ENABLE_NS_ASSERTIONS = NO;
				ENABLE_STRICT_OBJC_MSGSEND = YES;
				GCC_C_LANGUAGE_STANDARD = gnu99;
				GCC_NO_COMMON_BLOCKS = YES;
				GCC_WARN_64_TO_32_BIT_CONVERSION = YES;
				GCC_WARN_ABOUT_RETURN_TYPE = YES_ERROR;
				GCC_WARN_UNDECLARED_SELECTOR = YES;
				GCC_WARN_UNINITIALIZED_AUTOS = YES_AGGRESSIVE;
				GCC_WARN_UNUSED_FUNCTION = YES;
				GCC_WARN_UNUSED_VARIABLE = YES;
				IPHONEOS_DEPLOYMENT_TARGET = 10.3;
				MTL_ENABLE_DEBUG_INFO = NO;
				SDKROOT = iphoneos;
				TARGETED_DEVICE_FAMILY = "1,2";
				VALIDATE_PRODUCT = YES;
			};
			name = Release;
		};
		937662FE1F5F9F09008AEC50 /* Debug */ = {
			isa = XCBuildConfiguration;
			buildSettings = {
				ASSETCATALOG_COMPILER_APPICON_NAME = AppIcon;
				INFOPLIST_FILE = NVT_NestedCollectionView/Info.plist;
				IPHONEOS_DEPLOYMENT_TARGET = 9.0;
				LD_RUNPATH_SEARCH_PATHS = "$(inherited) @executable_path/Frameworks";
				PRODUCT_BUNDLE_IDENTIFIER = "nvt.NVT-NestedCollectionView";
				PRODUCT_NAME = "$(TARGET_NAME)";
			};
			name = Debug;
		};
		937662FF1F5F9F09008AEC50 /* Release */ = {
			isa = XCBuildConfiguration;
			buildSettings = {
				ASSETCATALOG_COMPILER_APPICON_NAME = AppIcon;
				INFOPLIST_FILE = NVT_NestedCollectionView/Info.plist;
				IPHONEOS_DEPLOYMENT_TARGET = 9.0;
				LD_RUNPATH_SEARCH_PATHS = "$(inherited) @executable_path/Frameworks";
				PRODUCT_BUNDLE_IDENTIFIER = "nvt.NVT-NestedCollectionView";
				PRODUCT_NAME = "$(TARGET_NAME)";
			};
			name = Release;
		};
/* End XCBuildConfiguration section */

/* Begin XCConfigurationList section */
		937662E11F5F9F09008AEC50 /* Build configuration list for PBXProject "NVT_NestedCollectionView" */ = {
			isa = XCConfigurationList;
			buildConfigurations = (
				937662FB1F5F9F09008AEC50 /* Debug */,
				937662FC1F5F9F09008AEC50 /* Release */,
			);
			defaultConfigurationIsVisible = 0;
			defaultConfigurationName = Release;
		};
		937662FD1F5F9F09008AEC50 /* Build configuration list for PBXNativeTarget "NVT_NestedCollectionView" */ = {
			isa = XCConfigurationList;
			buildConfigurations = (
				937662FE1F5F9F09008AEC50 /* Debug */,
				937662FF1F5F9F09008AEC50 /* Release */,
			);
			defaultConfigurationIsVisible = 0;
			defaultConfigurationName = Release;
		};
/* End XCConfigurationList section */
	};
	rootObject = 937662DE1F5F9F09008AEC50 /* Project object */;
}
